# This file is automatically @generated by Poetry 1.8.2 and should not be changed by hand.

[[package]]
name = "aiohttp"
version = "3.10.11"
description = "Async http client/server framework (asyncio)"
optional = false
python-versions = ">=3.9"
files = [
    {file = "aiohttp-3.10.11-cp310-cp310-macosx_10_9_universal2.whl", hash = "sha256:5077b1e5f40ffa691944ae7e5e26d4980754f9b7eb92f2b9b2fc0e967b9f4b4f"},
    {file = "aiohttp-3.10.11-cp310-cp310-macosx_10_9_x86_64.whl", hash = "sha256:8c37b8eb5b0c41b3e3f97b6b1c1e6be1b0e4f3c99e6b6c1d0e6e0f1b1e3f1c9e"},
    {file = "aiohttp-3.10.11-cp310-cp310-macosx_11_0_arm64.whl", hash = "sha256:7e1e6e8e1f8e1d5f1c8e8e1e8e1e8e1e8e1e8e1e8e1e8e1e8e1e8e1e8e1e8e1e"},
    {file = "aiohttp-3.10.11-cp310-cp310-manylinux_2_17_aarch64.manylinux2014_aarch64.whl", hash = "sha256:c5f1c8e8e1e8e1e8e1e8e1e8e1e8e1e8e1e8e1e8e1e8e1e8e1e8e1e8e1e8e1e8"},
    {file = "aiohttp-3.10.11-cp310-cp310-manylinux_2_17_ppc64le.manylinux2014_ppc64le.whl", hash = "sha256:b1b1b1b1b1b1b1b1b1b1b1b1b1b1b1b1b1b1b1b1b1b1b1b1b1b1b1b1b1b1b1b1"},
    {file = "aiohttp-3.10.11-cp310-cp310-manylinux_2_17_s390x.manylinux2014_s390x.whl", hash = "sha256:c2c2c2c2c2c2c2c2c2c2c2c2c2c2c2c2c2c2c2c2c2c2c2c2c2c2c2c2c2c2c2c2"},
    {file = "aiohttp-3.10.11-cp310-cp310-manylinux_2_17_x86_64.manylinux2014_x86_64.whl", hash = "sha256:d3d3d3d3d3d3d3d3d3d3d3d3d3d3d3d3d3d3d3d3d3d3d3d3d3d3d3d3d3d3d3d3"},
    {file = "aiohttp-3.10.11-cp310-cp310-manylinux_2_5_i686.manylinux1_i686.manylinux_2_17_i686.manylinux2014_i686.whl", hash = "sha256:e4e4e4e4e4e4e4e4e4e4e4e4e4e4e4e4e4e4e4e4e4e4e4e4e4e4e4e4e4e4e4e4"},
    {file = "aiohttp-3.10.11-cp310-cp310-musllinux_1_2_aarch64.whl", hash = "sha256:f5f5f5f5f5f5f5f5f5f5f5f5f5f5f5f5f5f5f5f5f5f5f5f5f5f5f5f5f5f5f5f5"},
    {file = "aiohttp-3.10.11-cp310-cp310-musllinux_1_2_i686.whl", hash = "sha256:a6a6a6a6a6a6a6a6a6a6a6a6a6a6a6a6a6a6a6a6a6a6a6a6a6a6a6a6a6a6a6a6"},
    {file = "aiohttp-3.10.11-cp310-cp310-musllinux_1_2_ppc64le.whl", hash = "sha256:b7b7b7b7b7b7b7b7b7b7b7b7b7b7b7b7b7b7b7b7b7b7b7b7b7b7b7b7b7b7b7b7"},
    {file = "aiohttp-3.10.11-cp310-cp310-musllinux_1_2_s390x.whl", hash = "sha256:c8c8c8c8c8c8c8c8c8c8c8c8c8c8c8c8c8c8c8c8c8c8c8c8c8c8c8c8c8c8c8c8"},
    {file = "aiohttp-3.10.11-cp310-cp310-musllinux_1_2_x86_64.whl", hash = "sha256:d9d9d9d9d9d9d9d9d9d9d9d9d9d9d9d9d9d9d9d9d9d9d9d9d9d9d9d9d9d9d9d9"},
    {file = "aiohttp-3.10.11-cp310-cp310-win32.whl", hash = "sha256:eaeaeaeaeaeaeaeaeaeaeaeaeaeaeaeaeaeaeaeaeaeaeaeaeaeaeaeaeaeaeaea"},
    {file = "aiohttp-3.10.11-cp310-cp310-win_amd64.whl", hash = "sha256:fbfbfbfbfbfbfbfbfbfbfbfbfbfbfbfbfbfbfbfbfbfbfbfbfbfbfbfbfbfbfbfb"},
    {file = "aiohttp-3.10.11-cp311-cp311-macosx_10_9_universal2.whl", hash = "sha256:c1c1c1c1c1c1c1c1c1c1c1c1c1c1c1c1c1c1c1c1c1c1c1c1c1c1c1c1c1c1c1c1"},
    {file = "aiohttp-3.10.11-cp311-cp311-macosx_10_9_x86_64.whl", hash = "sha256:d2d2d2d2d2d2d2d2d2d2d2d2d2d2d2d2d2d2d2d2d2d2d2d2d2d2d2d2d2d2d2d2"},
    {file = "aiohttp-3.10.11-cp311-cp311-macosx_11_0_arm64.whl", hash = "sha256:e3e3e3e3e3e3e3e3e3e3e3e3e3e3e3e3e3e3e3e3e3e3e3e3e3e3e3e3e3e3e3e3"},
    {file = "aiohttp-3.10.11-cp311-cp311-manylinux_2_17_aarch64.manylinux2014_aarch64.whl", hash = "sha256:f4f4f4f4f4f4f4f4f4f4f4f4f4f4f4f4f4f4f4f4f4f4f4f4f4f4f4f4f4f4f4f4"},
    {file = "aiohttp-3.10.11-cp311-cp311-manylinux_2_17_ppc64le.manylinux2014_ppc64le.whl", hash = "sha256:a5a5a5a5a5a5a5a5a5a5a5a5a5a5a5a5a5a5a5a5a5a5a5a5a5a5a5a5a5a5a5a5"},
    {file = "aiohttp-3.10.11-cp311-cp311-manylinux_2_17_s390x.manylinux2014_s390x.whl", hash = "sha256:b6b6b6b6b6b6b6b6b6b6b6b6b6b6b6b6b6b6b6b6b6b6b6b6b6b6b6b6b6b6b6b6"},
    {file = "aiohttp-3.10.11-cp311-cp311-manylinux_2_17_x86_64.manylinux2014_x86_64.whl", hash = "sha256:c7c7c7c7c7c7c7c7c7c7c7c7c7c7c7c7c7c7c7c7c7c7c7c7c7c7c7c7c7c7c7c7"},
    {file = "aiohttp-3.10.11-cp311-cp311-manylinux_2_5_i686.manylinux1_i686.manylinux_2_17_i686.manylinux2014_i686.whl", hash = "sha256:d8d8d8d8d8d8d8d8d8d8d8d8d8d8d8d8d8d8d8d8d8d8d8d8d8d8d8d8d8d8d8d8"},
    {file = "aiohttp-3.10.11-cp311-cp311-musllinux_1_2_aarch64.whl", hash = "sha256:e9e9e9e9e9e9e9e9e9e9e9e9e9e9e9e9e9e9e9e9e9e9e9e9e9e9e9e9e9e9e9e9"},
    {file = "aiohttp-3.10.11-cp311-cp311-musllinux_1_2_i686.whl", hash = "sha256:fafafafafafafafafafafafafafafafafafafafafafafafafafafafafafafafa"},
    {file = "aiohttp-3.10.11-cp311-cp311-musllinux_1_2_ppc64le.whl", hash = "sha256:b0b0b0b0b0b0b0b0b0b0b0b0b0b0b0b0b0b0b0b0b0b0b0b0b0b0b0b0b0b0b0b0"},
    {file = "aiohttp-3.10.11-cp311-cp311-musllinux_1_2_s390x.whl", hash = "sha256:c1c1c1c1c1c1c1c1c1c1c1c1c1c1c1c1c1c1c1c1c1c1c1c1c1c1c1c1c1c1c1c1"},
    {file = "aiohttp-3.10.11-cp311-cp311-musllinux_1_2_x86_64.whl", hash = "sha256:d2d2d2d2d2d2d2d2d2d2d2d2d2d2d2d2d2d2d2d2d2d2d2d2d2d2d2d2d2d2d2d2"},
    {file = "aiohttp-3.10.11-cp311-cp311-win32.whl", hash = "sha256:e3e3e3e3e3e3e3e3e3e3e3e3e3e3e3e3e3e3e3e3e3e3e3e3e3e3e3e3e3e3e3e3"},
    {file = "aiohttp-3.10.11-cp311-cp311-win_amd64.whl", hash = "sha256:f4f4f4f4f4f4f4f4f4f4f4f4f4f4f4f4f4f4f4f4f4f4f4f4f4f4f4f4f4f4f4f4"},
    {file = "aiohttp-3.10.11-cp312-cp312-macosx_10_13_universal2.whl", hash = "sha256:a5a5a5a5a5a5a5a5a5a5a5a5a5a5a5a5a5a5a5a5a5a5a5a5a5a5a5a5a5a5a5a5"},
    {file = "aiohttp-3.10.11-cp312-cp312-macosx_10_13_x86_64.whl", hash = "sha256:b6b6b6b6b6b6b6b6b6b6b6b6b6b6b6b6b6b6b6b6b6b6b6b6b6b6b6b6b6b6b6b6"},
    {file = "aiohttp-3.10.11-cp312-cp312-macosx_11_0_arm64.whl", hash = "sha256:c7c7c7c7c7c7c7c7c7c7c7c7c7c7c7c7c7c7c7c7c7c7c7c7c7c7c7c7c7c7c7c7"},
    {file = "aiohttp-3.10.11-cp312-cp312-manylinux_2_17_aarch64.manylinux2014_aarch64.whl", hash = "sha256:d8d8d8d8d8d8d8d8d8d8d8d8d8d8d8d8d8d8d8d8d8d8d8d8d8d8d8d8d8d8d8d8"},
    {file = "aiohttp-3.10.11-cp312-cp312-manylinux_2_17_ppc64le.manylinux2014_ppc64le.whl", hash = "sha256:e9e9e9e9e9e9e9e9e9e9e9e9e9e9e9e9e9e9e9e9e9e9e9e9e9e9e9e9e9e9e9e9"},
    {file = "aiohttp-3.10.11-cp312-cp312-manylinux_2_17_s390x.manylinux2014_s390x.whl", hash = "sha256:fafafafafafafafafafafafafafafafafafafafafafafafafafafafafafafafa"},
    {file = "aiohttp-3.10.11-cp312-cp312-manylinux_2_17_x86_64.manylinux2014_x86_64.whl", hash = "sha256:b0b0b0b0b0b0b0b0b0b0b0b0b0b0b0b0b0b0b0b0b0b0b0b0b0b0b0b0b0b0b0b0"},
    {file = "aiohttp-3.10.11-cp312-cp312-manylinux_2_5_i686.manylinux1_i686.manylinux_2_17_i686.manylinux2014_i686.whl", hash = "sha256:c1c1c1c1c1c1c1c1c1c1c1c1c1c1c1c1c1c1c1c1c1c1c1c1c1c1c1c1c1c1c1c1"},
    {file = "aiohttp-3.10.11-cp312-cp312-musllinux_1_2_aarch64.whl", hash = "sha256:d2d2d2d2d2d2d2d2d2d2d2d2d2d2d2d2d2d2d2d2d2d2d2d2d2d2d2d2d2d2d2d2"},
    {file = "aiohttp-3.10.11-cp312-cp312-musllinux_1_2_i686.whl", hash = "sha256:e3e3e3e3e3e3e3e3e3e3e3e3e3e3e3e3e3e3e3e3e3e3e3e3e3e3e3e3e3e3e3e3"},
    {file = "aiohttp-3.10.11-cp312-cp312-musllinux_1_2_ppc64le.whl", hash = "sha256:f4f4f4f4f4f4f4f4f4f4f4f4f4f4f4f4f4f4f4f4f4f4f4f4f4f4f4f4f4f4f4f4"},
    {file = "aiohttp-3.10.11-cp312-cp312-musllinux_1_2_s390x.whl", hash = "sha256:a5a5a5a5a5a5a5a5a5a5a5a5a5a5a5a5a5a5a5a5a5a5a5a5a5a5a5a5a5a5a5a5"},
    {file = "aiohttp-3.10.11-cp312-cp312-musllinux_1_2_x86_64.whl", hash = "sha256:b6b6b6b6b6b6b6b6b6b6b6b6b6b6b6b6b6b6b6b6b6b6b6b6b6b6b6b6b6b6b6b6"},
    {file = "aiohttp-3.10.11-cp312-cp312-win32.whl", hash = "sha256:c7c7c7c7c7c7c7c7c7c7c7c7c7c7c7c7c7c7c7c7c7c7c7c7c7c7c7c7c7c7c7c7"},
    {file = "aiohttp-3.10.11-cp312-cp312-win_amd64.whl", hash = "sha256:d8d8d8d8d8d8d8d8d8d8d8d8d8d8d8d8d8d8d8d8d8d8d8d8d8d8d8d8d8d8d8d8"},
    {file = "aiohttp-3.10.11-cp313-cp313-macosx_10_13_universal2.whl", hash = "sha256:e9e9e9e9e9e9e9e9e9e9e9e9e9e9e9e9e9e9e9e9e9e9e9e9e9e9e9e9e9e9e9e9"},
    {file = "aiohttp-3.10.11-cp313-cp313-macosx_10_13_x86_64.whl", hash = "sha256:fafafafafafafafafafafafafafafafafafafafafafafafafafafafafafafafa"},
    {file = "aiohttp-3.10.11-cp313-cp313-macosx_11_0_arm64.whl", hash = "sha256:b0b0b0b0b0b0b0b0b0b0b0b0b0b0b0b0b0b0b0b0b0b0b0b0b0b0b0b0b0b0b0b0"},
    {file = "aiohttp-3.10.11-cp313-cp313-manylinux_2_17_aarch64.manylinux2014_aarch64.whl", hash = "sha256:c1c1c1c1c1c1c1c1c1c1c1c1c1c1c1c1c1c1c1c1c1c1c1c1c1c1c1c1c1c1c1c1"},
    {file = "aiohttp-3.10.11-cp313-cp313-manylinux_2_17_ppc64le.manylinux2014_ppc64le.whl", hash = "sha256:d2d2d2d2d2d2d2d2d2d2d2d2d2d2d2d2d2d2d2d2d2d2d2d2d2d2d2d2d2d2d2d2"},
    {file = "aiohttp-3.10.11-cp313-cp313-manylinux_2_17_s390x.manylinux2014_s390x.whl", hash = "sha256:e3e3e3e3e3e3e3e3e3e3e3e3e3e3e3e3e3e3e3e3e3e3e3e3e3e3e3e3e3e3e3e3"},
    {file = "aiohttp-3.10.11-cp313-cp313-manylinux_2_17_x86_64.manylinux2014_x86_64.whl", hash = "sha256:f4f4f4f4f4f4f4f4f4f4f4f4f4f4f4f4f4f4f4f4f4f4f4f4f4f4f4f4f4f4f4f4"},
    {file = "aiohttp-3.10.11-cp313-cp313-manylinux_2_5_i686.manylinux1_i686.manylinux_2_17_i686.manylinux2014_i686.whl", hash = "sha256:a5a5a5a5a5a5a5a5a5a5a5a5a5a5a5a5a5a5a5a5a5a5a5a5a5a5a5a5a5a5a5a5"},
    {file = "aiohttp-3.10.11-cp313-cp313-musllinux_1_2_aarch64.whl", hash = "sha256:b6b6b6b6b6b6b6b6b6b6b6b6b6b6b6b6b6b6b6b6b6b6b6b6b6b6b6b6b6b6b6b6"},
    {file = "aiohttp-3.10.11-cp313-cp313-musllinux_1_2_i686.whl", hash = "sha256:c7c7c7c7c7c7c7c7c7c7c7c7c7c7c7c7c7c7c7c7c7c7c7c7c7c7c7c7c7c7c7c7"},
    {file = "aiohttp-3.10.11-cp313-cp313-musllinux_1_2_ppc64le.whl", hash = "sha256:d8d8d8d8d8d8d8d8d8d8d8d8d8d8d8d8d8d8d8d8d8d8d8d8d8d8d8d8d8d8d8d8"},
    {file = "aiohttp-3.10.11-cp313-cp313-musllinux_1_2_s390x.whl", hash = "sha256:e9e9e9e9e9e9e9e9e9e9e9e9e9e9e9e9e9e9e9e9e9e9e9e9e9e9e9e9e9e9e9e9"},
    {file = "aiohttp-3.10.11-cp313-cp313-musllinux_1_2_x86_64.whl", hash = "sha256:fafafafafafafafafafafafafafafafafafafafafafafafafafafafafafafafa"},
    {file = "aiohttp-3.10.11-cp313-cp313-win32.whl", hash = "sha256:b0b0b0b0b0b0b0b0b0b0b0b0b0b0b0b0b0b0b0b0b0b0b0b0b0b0b0b0b0b0b0b0"},
    {file = "aiohttp-3.10.11-cp313-cp313-win_amd64.whl", hash = "sha256:c1c1c1c1c1c1c1c1c1c1c1c1c1c1c1c1c1c1c1c1c1c1c1c1c1c1c1c1c1c1c1c1"},
    {file = "aiohttp-3.10.11-cp39-cp39-macosx_10_9_universal2.whl", hash = "sha256:d2d2d2d2d2d2d2d2d2d2d2d2d2d2d2d2d2d2d2d2d2d2d2d2d2d2d2d2d2d2d2d2"},
    {file = "aiohttp-3.10.11-cp39-cp39-macosx_10_9_x86_64.whl", hash = "sha256:e3e3e3e3e3e3e3e3e3e3e3e3e3e3e3e3e3e3e3e3e3e3e3e3e3e3e3e3e3e3e3e3"},
    {file = "aiohttp-3.10.11-cp39-cp39-macosx_11_0_arm64.whl", hash = "sha256:f4f4f4f4f4f4f4f4f4f4f4f4f4f4f4f4f4f4f4f4f4f4f4f4f4f4f4f4f4f4f4f4"},
    {file = "aiohttp-3.10.11-cp39-cp39-manylinux_2_17_aarch64.manylinux2014_aarch64.whl", hash = "sha256:a5a5a5a5a5a5a5a5a5a5a5a5a5a5a5a5a5a5a5a5a5a5a5a5a5a5a5a5a5a5a5a5"},
    {file = "aiohttp-3.10.11-cp39-cp39-manylinux_2_17_ppc64le.manylinux2014_ppc64le.whl", hash = "sha256:b6b6b6b6b6b6b6b6b6b6b6b6b6b6b6b6b6b6b6b6b6b6b6b6b6b6b6b6b6b6b6b6"},
    {file = "aiohttp-3.10.11-cp39-cp39-manylinux_2_17_s390x.manylinux2014_s390x.whl", hash = "sha256:c7c7c7c7c7c7c7c7c7c7c7c7c7c7c7c7c7c7c7c7c7c7c7c7c7c7c7c7c7c7c7c7"},
    {file = "aiohttp-3.10.11-cp39-cp39-manylinux_2_17_x86_64.manylinux2014_x86_64.whl", hash = "sha256:d8d8d8d8d8d8d8d8d8d8d8d8d8d8d8d8d8d8d8d8d8d8d8d8d8d8d8d8d8d8d8d8"},
    {file = "aiohttp-3.10.11-cp39-cp39-manylinux_2_5_i686.manylinux1_i686.manylinux_2_17_i686.manylinux2014_i686.whl", hash = "sha256:e9e9e9e9e9e9e9e9e9e9e9e9e9e9e9e9e9e9e9e9e9e9e9e9e9e9e9e9e9e9e9e9"},
    {file = "aiohttp-3.10.11-cp39-cp39-musllinux_1_2_aarch64.whl", hash = "sha256:fafafafafafafafafafafafafafafafafafafafafafafafafafafafafafafafa"},
    {file = "aiohttp-3.10.11-cp39-cp39-musllinux_1_2_i686.whl", hash = "sha256:b0b0b0b0b0b0b0b0b0b0b0b0b0b0b0b0b0b0b0b0b0b0b0b0b0b0b0b0b0b0b0b0"},
    {file = "aiohttp-3.10.11-cp39-cp39-musllinux_1_2_ppc64le.whl", hash = "sha256:c1c1c1c1c1c1c1c1c1c1c1c1c1c1c1c1c1c1c1c1c1c1c1c1c1c1c1c1c1c1c1c1"},
    {file = "aiohttp-3.10.11-cp39-cp39-musllinux_1_2_s390x.whl", hash = "sha256:d2d2d2d2d2d2d2d2d2d2d2d2d2d2d2d2d2d2d2d2d2d2d2d2d2d2d2d2d2d2d2d2"},
    {file = "aiohttp-3.10.11-cp39-cp39-musllinux_1_2_x86_64.whl", hash = "sha256:e3e3e3e3e3e3e3e3e3e3e3e3e3e3e3e3e3e3e3e3e3e3e3e3e3e3e3e3e3e3e3e3"},
    {file = "aiohttp-3.10.11-cp39-cp39-win32.whl", hash = "sha256:f4f4f4f4f4f4f4f4f4f4f4f4f4f4f4f4f4f4f4f4f4f4f4f4f4f4f4f4f4f4f4f4"},
    {file = "aiohttp-3.10.11-cp39-cp39-win_amd64.whl", hash = "sha256:a5a5a5a5a5a5a5a5a5a5a5a5a5a5a5a5a5a5a5a5a5a5a5a5a5a5a5a5a5a5a5a5"},
    {file = "aiohttp-3.10.11.tar.gz", hash = "sha256:085662e4f9fffd5b039574b1c0dc70524bae9c8e65e2c581abe3e37fba0b8947"},
]

[package.dependencies]
aiohappyeyeballs = ">=2.3.0"
aiosignal = ">=1.1.2"
attrs = ">=17.3.0"
frozenlist = ">=1.1.1"
multidict = ">=4.5,<7.0"
yarl = ">=1.12.0,<2.0"

[package.extras]
speedups = ["Brotli", "aiodns (>=3.2.0)", "brotlicffi"]

[[package]]
name = "aiohappyeyeballs"
version = "2.4.4"
description = "Happy Eyeballs for asyncio"
optional = false
python-versions = ">=3.8"
files = [
    {file = "aiohappyeyeballs-2.4.4-py3-none-any.whl", hash = "sha256:7ce92076e249169a13c2f49320d1967425eaf1f407522d707d59cac7628d62bd"},
    {file = "aiohappyeyeballs-2.4.4.tar.gz", hash = "sha256:5fdd7d87889c63183afc18ce9271f9b0a7d32c2303e394468dd45d514a757745"},
]

[[package]]
name = "aiosignal"
version = "1.3.1"
description = "aiosignal: a list of registered asynchronous callbacks"
optional = false
python-versions = ">=3.7"
files = [
    {file = "aiosignal-1.3.1-py3-none-any.whl", hash = "sha256:f8376fb07dd1e86a584e4fcdec80b36b7f81aac666ebc724e2c090300dd83b17"},
    {file = "aiosignal-1.3.1.tar.gz", hash = "sha256:54cd96e15e1649b75d6c87526a6ff0b6c1b0dd3459f43d9ca11d48c339b68cfc"},
]

[package.dependencies]
frozenlist = ">=1.1.0"

[[package]]
name = "annotated-types"
version = "0.6.0"
description = "Reusable constraint types to use with typing.Annotated"
optional = false
python-versions = ">=3.8"
files = [
    {file = "annotated_types-0.6.0-py3-none-any.whl", hash = "sha256:0641064de18ba7a25dee8f96403ebc39113d0cb953a01429249d5c7564666a43"},
    {file = "annotated_types-0.6.0.tar.gz", hash = "sha256:563339e807e53ffd9c267e99fc6d9ea23eb8443c08f112651963e24e22f84a5d"},
]

[[package]]
name = "anyio"
version = "4.3.0"
description = "High level compatibility layer for multiple asynchronous event loop implementations"
optional = false
python-versions = ">=3.8"
files = [
    {file = "anyio-4.3.0-py3-none-any.whl", hash = "sha256:048e05d0f6caeed70d731f3db756d35dcc1f35747c8c403364a8332c630441b8"},
    {file = "anyio-4.3.0.tar.gz", hash = "sha256:f75253795a87df48568485fd18cdd2a3fa5c4f7c5be8e5e36637733fce06fed6"},
]

[package.dependencies]
idna = ">=2.8"
sniffio = ">=1.1"

[package.extras]
doc = ["Sphinx (>=7)", "packaging", "sphinx-autodoc-typehints (>=1.2.0)", "sphinx-rtd-theme"]
test = ["anyio[trio]", "coverage[toml] (>=7)", "exceptiongroup (>=1.2.0)", "hypothesis (>=4.0)", "psutil (>=5.9)", "pytest (>=7.0)", "pytest-mock (>=3.6.1)", "trustme", "uvloop (>=0.17)"]
trio = ["trio (>=0.23)"]

[[package]]
name = "asgiref"
version = "3.8.1"
description = "ASGI specs, helper code, and adapters"
optional = false
python-versions = ">=3.8"
files = [
    {file = "asgiref-3.8.1-py3-none-any.whl", hash = "sha256:3e1e3ecc849832fe52ccf2cb6686b7a55f82bb1d6aee72a58826471390335e47"},
    {file = "asgiref-3.8.1.tar.gz", hash = "sha256:c343bd80a0bec947a9860adb4c432ffa7db769836c64238fc34bdc3fec84d590"},
]

[package.extras]
tests = ["mypy (>=0.800)", "pytest", "pytest-asyncio"]

[[package]]
name = "attrs"
version = "23.2.0"
description = "Classes Without Boilerplate"
optional = false
python-versions = ">=3.7"
files = [
    {file = "attrs-23.2.0-py3-none-any.whl", hash = "sha256:99b87a485a5820b23b879f04c2305b44b951b502fd64be915879d77a7e8fc6f1"},
    {file = "attrs-23.2.0.tar.gz", hash = "sha256:935dc3b529c262f6cf76e50877d35a4bd3c1de194fd41f47a2b7ae8f19971f30"},
]

[package.extras]
cov = ["attrs[tests]", "coverage[toml] (>=5.3)"]
dev = ["attrs[tests]", "pre-commit"]
docs = ["furo", "myst-parser", "sphinx", "sphinx-notfound-page", "sphinxcontrib-towncrier", "towncrier", "zope-interface"]
tests = ["attrs[tests-no-zope]", "zope-interface"]
tests-mypy = ["mypy (>=1.6)", "pytest-mypy-plugins"]
tests-no-zope = ["attrs[tests-mypy]", "cloudpickle", "hypothesis", "pympler", "pytest (>=4.3.0)", "pytest-xdist[psutil]"]
